
Microsoft Visual Studio Solution File, Format Version 12.00
# Visual Studio Version 17
VisualStudioVersion = 17.14.36705.20
MinimumVisualStudioVersion = 10.0.40219.1
Project("{8BC9CEB8-8B4A-11D0-8D11-00A0C91BC942}") = "16-b2-1", "16\16.vcxproj", "{6D08AF2B-2D0A-4682-87D6-1D1460CCA2AE}"
EndProject
Project("{8BC9CEB8-8B4A-11D0-8D11-00A0C91BC942}") = "16-b2-2", "16-b2-2\16-b2-2.vcxproj", "{C72D8C82-310E-4782-A34D-F8F7F30657DC}"
EndProject
Project("{8BC9CEB8-8B4A-11D0-8D11-00A0C91BC942}") = "16-b3-1", "16-b3-1\16-b3-1.vcxproj", "{AD4938B2-95B7-4B91-81F9-DAF62422BA37}"
EndProject
Project("{8BC9CEB8-8B4A-11D0-8D11-00A0C91BC942}") = "16-b3-2", "16-b3-2\16-b3-2.vcxproj", "{5314F8D7-2193-405B-9C20-DE0D069F67AE}"
EndProject
Project("{8BC9CEB8-8B4A-11D0-8D11-00A0C91BC942}") = "16-b4", "16-b4\16-b4.vcxproj", "{5D25BB1B-AE77-4FB2-8369-43124213B258}"
EndProject
Project("{8BC9CEB8-8B4A-11D0-8D11-00A0C91BC942}") = "16-b5", "16-b5\16-b5.vcxproj", "{B87FA627-BF78-45F1-A057-5F6235D27A6F}"
EndProject
Project("{8BC9CEB8-8B4A-11D0-8D11-00A0C91BC942}") = "16-b6", "16-b6\16-b6.vcxproj", "{B11E744A-4FBF-4A0B-9A40-606E3A6599C0}"
EndProject
Project("{8BC9CEB8-8B4A-11D0-8D11-00A0C91BC942}") = "16-b7", "16-b7\16-b7.vcxproj", "{17907FDA-B1D7-48E1-A807-A94EBFEE0E96}"
EndProject
Global
	GlobalSection(SolutionConfigurationPlatforms) = preSolution
		Debug|x64 = Debug|x64
		Debug|x86 = Debug|x86
		Release|x64 = Release|x64
		Release|x86 = Release|x86
	EndGlobalSection
	GlobalSection(ProjectConfigurationPlatforms) = postSolution
		{6D08AF2B-2D0A-4682-87D6-1D1460CCA2AE}.Debug|x64.ActiveCfg = Debug|x64
		{6D08AF2B-2D0A-4682-87D6-1D1460CCA2AE}.Debug|x64.Build.0 = Debug|x64
		{6D08AF2B-2D0A-4682-87D6-1D1460CCA2AE}.Debug|x86.ActiveCfg = Debug|Win32
		{6D08AF2B-2D0A-4682-87D6-1D1460CCA2AE}.Debug|x86.Build.0 = Debug|Win32
		{6D08AF2B-2D0A-4682-87D6-1D1460CCA2AE}.Release|x64.ActiveCfg = Release|x64
		{6D08AF2B-2D0A-4682-87D6-1D1460CCA2AE}.Release|x64.Build.0 = Release|x64
		{6D08AF2B-2D0A-4682-87D6-1D1460CCA2AE}.Release|x86.ActiveCfg = Release|Win32
		{6D08AF2B-2D0A-4682-87D6-1D1460CCA2AE}.Release|x86.Build.0 = Release|Win32
		{C72D8C82-310E-4782-A34D-F8F7F30657DC}.Debug|x64.ActiveCfg = Debug|x64
		{C72D8C82-310E-4782-A34D-F8F7F30657DC}.Debug|x64.Build.0 = Debug|x64
		{C72D8C82-310E-4782-A34D-F8F7F30657DC}.Debug|x86.ActiveCfg = Debug|Win32
		{C72D8C82-310E-4782-A34D-F8F7F30657DC}.Debug|x86.Build.0 = Debug|Win32
		{C72D8C82-310E-4782-A34D-F8F7F30657DC}.Release|x64.ActiveCfg = Release|x64
		{C72D8C82-310E-4782-A34D-F8F7F30657DC}.Release|x64.Build.0 = Release|x64
		{C72D8C82-310E-4782-A34D-F8F7F30657DC}.Release|x86.ActiveCfg = Release|Win32
		{C72D8C82-310E-4782-A34D-F8F7F30657DC}.Release|x86.Build.0 = Release|Win32
		{AD4938B2-95B7-4B91-81F9-DAF62422BA37}.Debug|x64.ActiveCfg = Debug|x64
		{AD4938B2-95B7-4B91-81F9-DAF62422BA37}.Debug|x64.Build.0 = Debug|x64
		{AD4938B2-95B7-4B91-81F9-DAF62422BA37}.Debug|x86.ActiveCfg = Debug|Win32
		{AD4938B2-95B7-4B91-81F9-DAF62422BA37}.Debug|x86.Build.0 = Debug|Win32
		{AD4938B2-95B7-4B91-81F9-DAF62422BA37}.Release|x64.ActiveCfg = Release|x64
		{AD4938B2-95B7-4B91-81F9-DAF62422BA37}.Release|x64.Build.0 = Release|x64
		{AD4938B2-95B7-4B91-81F9-DAF62422BA37}.Release|x86.ActiveCfg = Release|Win32
		{AD4938B2-95B7-4B91-81F9-DAF62422BA37}.Release|x86.Build.0 = Release|Win32
		{5314F8D7-2193-405B-9C20-DE0D069F67AE}.Debug|x64.ActiveCfg = Debug|x64
		{5314F8D7-2193-405B-9C20-DE0D069F67AE}.Debug|x64.Build.0 = Debug|x64
		{5314F8D7-2193-405B-9C20-DE0D069F67AE}.Debug|x86.ActiveCfg = Debug|Win32
		{5314F8D7-2193-405B-9C20-DE0D069F67AE}.Debug|x86.Build.0 = Debug|Win32
		{5314F8D7-2193-405B-9C20-DE0D069F67AE}.Release|x64.ActiveCfg = Release|x64
		{5314F8D7-2193-405B-9C20-DE0D069F67AE}.Release|x64.Build.0 = Release|x64
		{5314F8D7-2193-405B-9C20-DE0D069F67AE}.Release|x86.ActiveCfg = Release|Win32
		{5314F8D7-2193-405B-9C20-DE0D069F67AE}.Release|x86.Build.0 = Release|Win32
		{5D25BB1B-AE77-4FB2-8369-43124213B258}.Debug|x64.ActiveCfg = Debug|x64
		{5D25BB1B-AE77-4FB2-8369-43124213B258}.Debug|x64.Build.0 = Debug|x64
		{5D25BB1B-AE77-4FB2-8369-43124213B258}.Debug|x86.ActiveCfg = Debug|Win32
		{5D25BB1B-AE77-4FB2-8369-43124213B258}.Debug|x86.Build.0 = Debug|Win32
		{5D25BB1B-AE77-4FB2-8369-43124213B258}.Release|x64.ActiveCfg = Release|x64
		{5D25BB1B-AE77-4FB2-8369-43124213B258}.Release|x64.Build.0 = Release|x64
		{5D25BB1B-AE77-4FB2-8369-43124213B258}.Release|x86.ActiveCfg = Release|Win32
		{5D25BB1B-AE77-4FB2-8369-43124213B258}.Release|x86.Build.0 = Release|Win32
		{B87FA627-BF78-45F1-A057-5F6235D27A6F}.Debug|x64.ActiveCfg = Debug|x64
		{B87FA627-BF78-45F1-A057-5F6235D27A6F}.Debug|x64.Build.0 = Debug|x64
		{B87FA627-BF78-45F1-A057-5F6235D27A6F}.Debug|x86.ActiveCfg = Debug|Win32
		{B87FA627-BF78-45F1-A057-5F6235D27A6F}.Debug|x86.Build.0 = Debug|Win32
		{B87FA627-BF78-45F1-A057-5F6235D27A6F}.Release|x64.ActiveCfg = Release|x64
		{B87FA627-BF78-45F1-A057-5F6235D27A6F}.Release|x64.Build.0 = Release|x64
		{B87FA627-BF78-45F1-A057-5F6235D27A6F}.Release|x86.ActiveCfg = Release|Win32
		{B87FA627-BF78-45F1-A057-5F6235D27A6F}.Release|x86.Build.0 = Release|Win32
		{B11E744A-4FBF-4A0B-9A40-606E3A6599C0}.Debug|x64.ActiveCfg = Debug|x64
		{B11E744A-4FBF-4A0B-9A40-606E3A6599C0}.Debug|x64.Build.0 = Debug|x64
		{B11E744A-4FBF-4A0B-9A40-606E3A6599C0}.Debug|x86.ActiveCfg = Debug|Win32
		{B11E744A-4FBF-4A0B-9A40-606E3A6599C0}.Debug|x86.Build.0 = Debug|Win32
		{B11E744A-4FBF-4A0B-9A40-606E3A6599C0}.Release|x64.ActiveCfg = Release|x64
		{B11E744A-4FBF-4A0B-9A40-606E3A6599C0}.Release|x64.Build.0 = Release|x64
		{B11E744A-4FBF-4A0B-9A40-606E3A6599C0}.Release|x86.ActiveCfg = Release|Win32
		{B11E744A-4FBF-4A0B-9A40-606E3A6599C0}.Release|x86.Build.0 = Release|Win32
		{17907FDA-B1D7-48E1-A807-A94EBFEE0E96}.Debug|x64.ActiveCfg = Debug|x64
		{17907FDA-B1D7-48E1-A807-A94EBFEE0E96}.Debug|x64.Build.0 = Debug|x64
		{17907FDA-B1D7-48E1-A807-A94EBFEE0E96}.Debug|x86.ActiveCfg = Debug|Win32
		{17907FDA-B1D7-48E1-A807-A94EBFEE0E96}.Debug|x86.Build.0 = Debug|Win32
		{17907FDA-B1D7-48E1-A807-A94EBFEE0E96}.Release|x64.ActiveCfg = Release|x64
		{17907FDA-B1D7-48E1-A807-A94EBFEE0E96}.Release|x64.Build.0 = Release|x64
		{17907FDA-B1D7-48E1-A807-A94EBFEE0E96}.Release|x86.ActiveCfg = Release|Win32
		{17907FDA-B1D7-48E1-A807-A94EBFEE0E96}.Release|x86.Build.0 = Release|Win32
	EndGlobalSection
	GlobalSection(SolutionProperties) = preSolution
		HideSolutionNode = FALSE
	EndGlobalSection
	GlobalSection(ExtensibilityGlobals) = postSolution
		SolutionGuid = {259DCCDD-0349-436D-80C7-EF63752C6DB0}
	EndGlobalSection
EndGlobal
