
Microsoft Visual Studio Solution File, Format Version 12.00
# Visual Studio Version 17
VisualStudioVersion = 17.14.36705.20 d17.14
MinimumVisualStudioVersion = 10.0.40219.1
Project("{8BC9CEB8-8B4A-11D0-8D11-00A0C91BC942}") = "18-b1", "18-b1\18-b1.vcxproj", "{08E91498-773F-4F92-B22E-9C888632410E}"
EndProject
Project("{8BC9CEB8-8B4A-11D0-8D11-00A0C91BC942}") = "18-b2", "18-b2\18-b2.vcxproj", "{6E1212CF-D628-40AB-9F0E-B3B34B0457F0}"
EndProject
Global
	GlobalSection(SolutionConfigurationPlatforms) = preSolution
		Debug|x64 = Debug|x64
		Debug|x86 = Debug|x86
		Release|x64 = Release|x64
		Release|x86 = Release|x86
	EndGlobalSection
	GlobalSection(ProjectConfigurationPlatforms) = postSolution
		{08E91498-773F-4F92-B22E-9C888632410E}.Debug|x64.ActiveCfg = Debug|x64
		{08E91498-773F-4F92-B22E-9C888632410E}.Debug|x64.Build.0 = Debug|x64
		{08E91498-773F-4F92-B22E-9C888632410E}.Debug|x86.ActiveCfg = Debug|Win32
		{08E91498-773F-4F92-B22E-9C888632410E}.Debug|x86.Build.0 = Debug|Win32
		{08E91498-773F-4F92-B22E-9C888632410E}.Release|x64.ActiveCfg = Release|x64
		{08E91498-773F-4F92-B22E-9C888632410E}.Release|x64.Build.0 = Release|x64
		{08E91498-773F-4F92-B22E-9C888632410E}.Release|x86.ActiveCfg = Release|Win32
		{08E91498-773F-4F92-B22E-9C888632410E}.Release|x86.Build.0 = Release|Win32
		{6E1212CF-D628-40AB-9F0E-B3B34B0457F0}.Debug|x64.ActiveCfg = Debug|x64
		{6E1212CF-D628-40AB-9F0E-B3B34B0457F0}.Debug|x64.Build.0 = Debug|x64
		{6E1212CF-D628-40AB-9F0E-B3B34B0457F0}.Debug|x86.ActiveCfg = Debug|Win32
		{6E1212CF-D628-40AB-9F0E-B3B34B0457F0}.Debug|x86.Build.0 = Debug|Win32
		{6E1212CF-D628-40AB-9F0E-B3B34B0457F0}.Release|x64.ActiveCfg = Release|x64
		{6E1212CF-D628-40AB-9F0E-B3B34B0457F0}.Release|x64.Build.0 = Release|x64
		{6E1212CF-D628-40AB-9F0E-B3B34B0457F0}.Release|x86.ActiveCfg = Release|Win32
		{6E1212CF-D628-40AB-9F0E-B3B34B0457F0}.Release|x86.Build.0 = Release|Win32
	EndGlobalSection
	GlobalSection(SolutionProperties) = preSolution
		HideSolutionNode = FALSE
	EndGlobalSection
	GlobalSection(ExtensibilityGlobals) = postSolution
		SolutionGuid = {7226016B-7FC9-4A2B-A9E6-9F59B96C514B}
	EndGlobalSection
EndGlobal
