
Microsoft Visual Studio Solution File, Format Version 12.00
# Visual Studio Version 17
VisualStudioVersion = 17.12.35527.113
MinimumVisualStudioVersion = 10.0.40219.1
Project("{8BC9CEB8-8B4A-11D0-8D11-00A0C91BC942}") = "15-b1-2", "15-b1\15-b1.vcxproj", "{63C09A8F-3603-495F-8F58-F15B19A56BE1}"
EndProject
Project("{8BC9CEB8-8B4A-11D0-8D11-00A0C91BC942}") = "15-b1-4", "15-b1-4\15-b1-4.vcxproj", "{CBFDE9CD-73CA-4F53-BA98-D51C8D064C58}"
EndProject
Project("{8BC9CEB8-8B4A-11D0-8D11-00A0C91BC942}") = "15-b1-1", "15-b1-1\15-b1-1.vcxproj", "{3E935A6E-1969-4387-A517-F2F294816810}"
EndProject
Project("{8BC9CEB8-8B4A-11D0-8D11-00A0C91BC942}") = "15-b1-3", "15-b1-3\15-b1-3.vcxproj", "{4C9D5662-F818-4EEE-BFBE-61BFC8424887}"
EndProject
Project("{8BC9CEB8-8B4A-11D0-8D11-00A0C91BC942}") = "15-b2-2", "15-b2-2\15-b2-2.vcxproj", "{B7DE8712-872B-4179-9FBB-E3599464FA88}"
EndProject
Project("{8BC9CEB8-8B4A-11D0-8D11-00A0C91BC942}") = "15-b2-1", "15-b2-1\15-b2-1.vcxproj", "{53653EA9-E6E6-4923-9407-57D384A742C8}"
EndProject
Project("{8BC9CEB8-8B4A-11D0-8D11-00A0C91BC942}") = "15-b3-2", "15-b3-2\15-b3-2.vcxproj", "{5AF999F6-4987-4DD2-90A8-AA9316740A74}"
EndProject
Project("{8BC9CEB8-8B4A-11D0-8D11-00A0C91BC942}") = "15-b3-1", "15-b3-1\15-b3-1.vcxproj", "{35574115-61AD-4FB3-A403-FEAF63B6B1DB}"
EndProject
Project("{8BC9CEB8-8B4A-11D0-8D11-00A0C91BC942}") = "15-b4", "15-b4\15-b4.vcxproj", "{A22FB251-2CCD-434C-AAFB-7A9C77F8741F}"
EndProject
Project("{8BC9CEB8-8B4A-11D0-8D11-00A0C91BC942}") = "15-b5", "15-b5\15-b5.vcxproj", "{A9F2BA47-BBF1-4C87-A5CA-D1D207C46DDF}"
EndProject
Global
	GlobalSection(SolutionConfigurationPlatforms) = preSolution
		Debug|x64 = Debug|x64
		Debug|x86 = Debug|x86
		Release|x64 = Release|x64
		Release|x86 = Release|x86
	EndGlobalSection
	GlobalSection(ProjectConfigurationPlatforms) = postSolution
		{63C09A8F-3603-495F-8F58-F15B19A56BE1}.Debug|x64.ActiveCfg = Debug|x64
		{63C09A8F-3603-495F-8F58-F15B19A56BE1}.Debug|x64.Build.0 = Debug|x64
		{63C09A8F-3603-495F-8F58-F15B19A56BE1}.Debug|x86.ActiveCfg = Debug|Win32
		{63C09A8F-3603-495F-8F58-F15B19A56BE1}.Debug|x86.Build.0 = Debug|Win32
		{63C09A8F-3603-495F-8F58-F15B19A56BE1}.Release|x64.ActiveCfg = Release|x64
		{63C09A8F-3603-495F-8F58-F15B19A56BE1}.Release|x64.Build.0 = Release|x64
		{63C09A8F-3603-495F-8F58-F15B19A56BE1}.Release|x86.ActiveCfg = Release|Win32
		{63C09A8F-3603-495F-8F58-F15B19A56BE1}.Release|x86.Build.0 = Release|Win32
		{CBFDE9CD-73CA-4F53-BA98-D51C8D064C58}.Debug|x64.ActiveCfg = Debug|x64
		{CBFDE9CD-73CA-4F53-BA98-D51C8D064C58}.Debug|x64.Build.0 = Debug|x64
		{CBFDE9CD-73CA-4F53-BA98-D51C8D064C58}.Debug|x86.ActiveCfg = Debug|Win32
		{CBFDE9CD-73CA-4F53-BA98-D51C8D064C58}.Debug|x86.Build.0 = Debug|Win32
		{CBFDE9CD-73CA-4F53-BA98-D51C8D064C58}.Release|x64.ActiveCfg = Release|x64
		{CBFDE9CD-73CA-4F53-BA98-D51C8D064C58}.Release|x64.Build.0 = Release|x64
		{CBFDE9CD-73CA-4F53-BA98-D51C8D064C58}.Release|x86.ActiveCfg = Release|Win32
		{CBFDE9CD-73CA-4F53-BA98-D51C8D064C58}.Release|x86.Build.0 = Release|Win32
		{3E935A6E-1969-4387-A517-F2F294816810}.Debug|x64.ActiveCfg = Debug|x64
		{3E935A6E-1969-4387-A517-F2F294816810}.Debug|x64.Build.0 = Debug|x64
		{3E935A6E-1969-4387-A517-F2F294816810}.Debug|x86.ActiveCfg = Debug|Win32
		{3E935A6E-1969-4387-A517-F2F294816810}.Debug|x86.Build.0 = Debug|Win32
		{3E935A6E-1969-4387-A517-F2F294816810}.Release|x64.ActiveCfg = Release|x64
		{3E935A6E-1969-4387-A517-F2F294816810}.Release|x64.Build.0 = Release|x64
		{3E935A6E-1969-4387-A517-F2F294816810}.Release|x86.ActiveCfg = Release|Win32
		{3E935A6E-1969-4387-A517-F2F294816810}.Release|x86.Build.0 = Release|Win32
		{4C9D5662-F818-4EEE-BFBE-61BFC8424887}.Debug|x64.ActiveCfg = Debug|x64
		{4C9D5662-F818-4EEE-BFBE-61BFC8424887}.Debug|x64.Build.0 = Debug|x64
		{4C9D5662-F818-4EEE-BFBE-61BFC8424887}.Debug|x86.ActiveCfg = Debug|Win32
		{4C9D5662-F818-4EEE-BFBE-61BFC8424887}.Debug|x86.Build.0 = Debug|Win32
		{4C9D5662-F818-4EEE-BFBE-61BFC8424887}.Release|x64.ActiveCfg = Release|x64
		{4C9D5662-F818-4EEE-BFBE-61BFC8424887}.Release|x64.Build.0 = Release|x64
		{4C9D5662-F818-4EEE-BFBE-61BFC8424887}.Release|x86.ActiveCfg = Release|Win32
		{4C9D5662-F818-4EEE-BFBE-61BFC8424887}.Release|x86.Build.0 = Release|Win32
		{B7DE8712-872B-4179-9FBB-E3599464FA88}.Debug|x64.ActiveCfg = Debug|x64
		{B7DE8712-872B-4179-9FBB-E3599464FA88}.Debug|x64.Build.0 = Debug|x64
		{B7DE8712-872B-4179-9FBB-E3599464FA88}.Debug|x86.ActiveCfg = Debug|Win32
		{B7DE8712-872B-4179-9FBB-E3599464FA88}.Debug|x86.Build.0 = Debug|Win32
		{B7DE8712-872B-4179-9FBB-E3599464FA88}.Release|x64.ActiveCfg = Release|x64
		{B7DE8712-872B-4179-9FBB-E3599464FA88}.Release|x64.Build.0 = Release|x64
		{B7DE8712-872B-4179-9FBB-E3599464FA88}.Release|x86.ActiveCfg = Release|Win32
		{B7DE8712-872B-4179-9FBB-E3599464FA88}.Release|x86.Build.0 = Release|Win32
		{53653EA9-E6E6-4923-9407-57D384A742C8}.Debug|x64.ActiveCfg = Debug|x64
		{53653EA9-E6E6-4923-9407-57D384A742C8}.Debug|x64.Build.0 = Debug|x64
		{53653EA9-E6E6-4923-9407-57D384A742C8}.Debug|x86.ActiveCfg = Debug|Win32
		{53653EA9-E6E6-4923-9407-57D384A742C8}.Debug|x86.Build.0 = Debug|Win32
		{53653EA9-E6E6-4923-9407-57D384A742C8}.Release|x64.ActiveCfg = Release|x64
		{53653EA9-E6E6-4923-9407-57D384A742C8}.Release|x64.Build.0 = Release|x64
		{53653EA9-E6E6-4923-9407-57D384A742C8}.Release|x86.ActiveCfg = Release|Win32
		{53653EA9-E6E6-4923-9407-57D384A742C8}.Release|x86.Build.0 = Release|Win32
		{5AF999F6-4987-4DD2-90A8-AA9316740A74}.Debug|x64.ActiveCfg = Debug|x64
		{5AF999F6-4987-4DD2-90A8-AA9316740A74}.Debug|x64.Build.0 = Debug|x64
		{5AF999F6-4987-4DD2-90A8-AA9316740A74}.Debug|x86.ActiveCfg = Debug|Win32
		{5AF999F6-4987-4DD2-90A8-AA9316740A74}.Debug|x86.Build.0 = Debug|Win32
		{5AF999F6-4987-4DD2-90A8-AA9316740A74}.Release|x64.ActiveCfg = Release|x64
		{5AF999F6-4987-4DD2-90A8-AA9316740A74}.Release|x64.Build.0 = Release|x64
		{5AF999F6-4987-4DD2-90A8-AA9316740A74}.Release|x86.ActiveCfg = Release|Win32
		{5AF999F6-4987-4DD2-90A8-AA9316740A74}.Release|x86.Build.0 = Release|Win32
		{35574115-61AD-4FB3-A403-FEAF63B6B1DB}.Debug|x64.ActiveCfg = Debug|x64
		{35574115-61AD-4FB3-A403-FEAF63B6B1DB}.Debug|x64.Build.0 = Debug|x64
		{35574115-61AD-4FB3-A403-FEAF63B6B1DB}.Debug|x86.ActiveCfg = Debug|Win32
		{35574115-61AD-4FB3-A403-FEAF63B6B1DB}.Debug|x86.Build.0 = Debug|Win32
		{35574115-61AD-4FB3-A403-FEAF63B6B1DB}.Release|x64.ActiveCfg = Release|x64
		{35574115-61AD-4FB3-A403-FEAF63B6B1DB}.Release|x64.Build.0 = Release|x64
		{35574115-61AD-4FB3-A403-FEAF63B6B1DB}.Release|x86.ActiveCfg = Release|Win32
		{35574115-61AD-4FB3-A403-FEAF63B6B1DB}.Release|x86.Build.0 = Release|Win32
		{A22FB251-2CCD-434C-AAFB-7A9C77F8741F}.Debug|x64.ActiveCfg = Debug|x64
		{A22FB251-2CCD-434C-AAFB-7A9C77F8741F}.Debug|x64.Build.0 = Debug|x64
		{A22FB251-2CCD-434C-AAFB-7A9C77F8741F}.Debug|x86.ActiveCfg = Debug|Win32
		{A22FB251-2CCD-434C-AAFB-7A9C77F8741F}.Debug|x86.Build.0 = Debug|Win32
		{A22FB251-2CCD-434C-AAFB-7A9C77F8741F}.Release|x64.ActiveCfg = Release|x64
		{A22FB251-2CCD-434C-AAFB-7A9C77F8741F}.Release|x64.Build.0 = Release|x64
		{A22FB251-2CCD-434C-AAFB-7A9C77F8741F}.Release|x86.ActiveCfg = Release|Win32
		{A22FB251-2CCD-434C-AAFB-7A9C77F8741F}.Release|x86.Build.0 = Release|Win32
		{A9F2BA47-BBF1-4C87-A5CA-D1D207C46DDF}.Debug|x64.ActiveCfg = Debug|x64
		{A9F2BA47-BBF1-4C87-A5CA-D1D207C46DDF}.Debug|x64.Build.0 = Debug|x64
		{A9F2BA47-BBF1-4C87-A5CA-D1D207C46DDF}.Debug|x86.ActiveCfg = Debug|Win32
		{A9F2BA47-BBF1-4C87-A5CA-D1D207C46DDF}.Debug|x86.Build.0 = Debug|Win32
		{A9F2BA47-BBF1-4C87-A5CA-D1D207C46DDF}.Release|x64.ActiveCfg = Release|x64
		{A9F2BA47-BBF1-4C87-A5CA-D1D207C46DDF}.Release|x64.Build.0 = Release|x64
		{A9F2BA47-BBF1-4C87-A5CA-D1D207C46DDF}.Release|x86.ActiveCfg = Release|Win32
		{A9F2BA47-BBF1-4C87-A5CA-D1D207C46DDF}.Release|x86.Build.0 = Release|Win32
	EndGlobalSection
	GlobalSection(SolutionProperties) = preSolution
		HideSolutionNode = FALSE
	EndGlobalSection
EndGlobal
